// !$*UTF8*$!
{
	archiveVersion = 1;
	classes = {
	};
	objectVersion = 46;
	objects = {

/* Begin PBXBuildFile section */
		5E7D895C1EA64227009A8A71 /* BanAn+CoreDataClass.swift in Sources */ = {isa = PBXBuildFile; fileRef = 5E7D895A1EA64227009A8A71 /* BanAn+CoreDataClass.swift */; };
		5E7D895D1EA64227009A8A71 /* BanAn+CoreDataProperties.swift in Sources */ = {isa = PBXBuildFile; fileRef = 5E7D895B1EA64227009A8A71 /* BanAn+CoreDataProperties.swift */; };
		5E7D895F1EA64283009A8A71 /* KhuVuc+CoreDataProperties.swift in Sources */ = {isa = PBXBuildFile; fileRef = 5E7D895E1EA64283009A8A71 /* KhuVuc+CoreDataProperties.swift */; };
		5EE27F9C1EA5A2C700798351 /* AppDelegate.swift in Sources */ = {isa = PBXBuildFile; fileRef = 5EE27F9B1EA5A2C700798351 /* AppDelegate.swift */; };
		5EE27F9E1EA5A2C700798351 /* ViewController.swift in Sources */ = {isa = PBXBuildFile; fileRef = 5EE27F9D1EA5A2C700798351 /* ViewController.swift */; };
		5EE27FA11EA5A2C700798351 /* Main.storyboard in Resources */ = {isa = PBXBuildFile; fileRef = 5EE27F9F1EA5A2C700798351 /* Main.storyboard */; };
		5EE27FA41EA5A2C700798351 /* rest_management.xcdatamodeld in Sources */ = {isa = PBXBuildFile; fileRef = 5EE27FA21EA5A2C700798351 /* rest_management.xcdatamodeld */; };
		5EE27FA61EA5A2C700798351 /* Assets.xcassets in Resources */ = {isa = PBXBuildFile; fileRef = 5EE27FA51EA5A2C700798351 /* Assets.xcassets */; };
		5EE27FA91EA5A2C700798351 /* LaunchScreen.storyboard in Resources */ = {isa = PBXBuildFile; fileRef = 5EE27FA71EA5A2C700798351 /* LaunchScreen.storyboard */; };
		5EE27FB71EA5A47800798351 /* DB.swift in Sources */ = {isa = PBXBuildFile; fileRef = 5EE27FB61EA5A47800798351 /* DB.swift */; };
		5EE27FC81EA5A90B00798351 /* KhuVuc+CoreDataClass.swift in Sources */ = {isa = PBXBuildFile; fileRef = 5EE27FBA1EA5A90B00798351 /* KhuVuc+CoreDataClass.swift */; };
		5EE27FCA1EA5A90B00798351 /* Mon+CoreDataClass.swift in Sources */ = {isa = PBXBuildFile; fileRef = 5EE27FBC1EA5A90B00798351 /* Mon+CoreDataClass.swift */; };
		5EE27FCB1EA5A90B00798351 /* Mon+CoreDataProperties.swift in Sources */ = {isa = PBXBuildFile; fileRef = 5EE27FBD1EA5A90B00798351 /* Mon+CoreDataProperties.swift */; };
		5EE27FCC1EA5A90B00798351 /* LoaiMon+CoreDataClass.swift in Sources */ = {isa = PBXBuildFile; fileRef = 5EE27FBE1EA5A90B00798351 /* LoaiMon+CoreDataClass.swift */; };
		5EE27FCD1EA5A90B00798351 /* LoaiMon+CoreDataProperties.swift in Sources */ = {isa = PBXBuildFile; fileRef = 5EE27FBF1EA5A90B00798351 /* LoaiMon+CoreDataProperties.swift */; };
		5EE27FCE1EA5A90B00798351 /* HoaDon+CoreDataClass.swift in Sources */ = {isa = PBXBuildFile; fileRef = 5EE27FC01EA5A90B00798351 /* HoaDon+CoreDataClass.swift */; };
		5EE27FCF1EA5A90B00798351 /* HoaDon+CoreDataProperties.swift in Sources */ = {isa = PBXBuildFile; fileRef = 5EE27FC11EA5A90B00798351 /* HoaDon+CoreDataProperties.swift */; };
		5EE27FD01EA5A90B00798351 /* ThongKe_SoLuong+CoreDataClass.swift in Sources */ = {isa = PBXBuildFile; fileRef = 5EE27FC21EA5A90B00798351 /* ThongKe_SoLuong+CoreDataClass.swift */; };
		5EE27FD11EA5A90B00798351 /* ThongKe_SoLuong+CoreDataProperties.swift in Sources */ = {isa = PBXBuildFile; fileRef = 5EE27FC31EA5A90B00798351 /* ThongKe_SoLuong+CoreDataProperties.swift */; };
		5EE27FD21EA5A90B00798351 /* HinhAnh+CoreDataClass.swift in Sources */ = {isa = PBXBuildFile; fileRef = 5EE27FC41EA5A90B00798351 /* HinhAnh+CoreDataClass.swift */; };
		5EE27FD31EA5A90B00798351 /* HinhAnh+CoreDataProperties.swift in Sources */ = {isa = PBXBuildFile; fileRef = 5EE27FC51EA5A90B00798351 /* HinhAnh+CoreDataProperties.swift */; };
/* End PBXBuildFile section */

/* Begin PBXFileReference section */
		5E7D895A1EA64227009A8A71 /* BanAn+CoreDataClass.swift */ = {isa = PBXFileReference; fileEncoding = 4; lastKnownFileType = sourcecode.swift; path = "BanAn+CoreDataClass.swift"; sourceTree = "<group>"; };
		5E7D895B1EA64227009A8A71 /* BanAn+CoreDataProperties.swift */ = {isa = PBXFileReference; fileEncoding = 4; lastKnownFileType = sourcecode.swift; path = "BanAn+CoreDataProperties.swift"; sourceTree = "<group>"; };
		5E7D895E1EA64283009A8A71 /* KhuVuc+CoreDataProperties.swift */ = {isa = PBXFileReference; fileEncoding = 4; lastKnownFileType = sourcecode.swift; path = "KhuVuc+CoreDataProperties.swift"; sourceTree = "<group>"; };
		5EE27F981EA5A2C700798351 /* rest_management.app */ = {isa = PBXFileReference; explicitFileType = wrapper.application; includeInIndex = 0; path = rest_management.app; sourceTree = BUILT_PRODUCTS_DIR; };
		5EE27F9B1EA5A2C700798351 /* AppDelegate.swift */ = {isa = PBXFileReference; lastKnownFileType = sourcecode.swift; path = AppDelegate.swift; sourceTree = "<group>"; };
		5EE27F9D1EA5A2C700798351 /* ViewController.swift */ = {isa = PBXFileReference; lastKnownFileType = sourcecode.swift; path = ViewController.swift; sourceTree = "<group>"; };
		5EE27FA01EA5A2C700798351 /* Base */ = {isa = PBXFileReference; lastKnownFileType = file.storyboard; name = Base; path = Base.lproj/Main.storyboard; sourceTree = "<group>"; };
		5EE27FA31EA5A2C700798351 /* rest_management.xcdatamodel */ = {isa = PBXFileReference; lastKnownFileType = wrapper.xcdatamodel; path = rest_management.xcdatamodel; sourceTree = "<group>"; };
		5EE27FA51EA5A2C700798351 /* Assets.xcassets */ = {isa = PBXFileReference; lastKnownFileType = folder.assetcatalog; path = Assets.xcassets; sourceTree = "<group>"; };
		5EE27FA81EA5A2C700798351 /* Base */ = {isa = PBXFileReference; lastKnownFileType = file.storyboard; name = Base; path = Base.lproj/LaunchScreen.storyboard; sourceTree = "<group>"; };
		5EE27FAA1EA5A2C700798351 /* Info.plist */ = {isa = PBXFileReference; lastKnownFileType = text.plist.xml; path = Info.plist; sourceTree = "<group>"; };
		5EE27FB61EA5A47800798351 /* DB.swift */ = {isa = PBXFileReference; fileEncoding = 4; lastKnownFileType = sourcecode.swift; path = DB.swift; sourceTree = "<group>"; };
		5EE27FBA1EA5A90B00798351 /* KhuVuc+CoreDataClass.swift */ = {isa = PBXFileReference; fileEncoding = 4; lastKnownFileType = sourcecode.swift; path = "KhuVuc+CoreDataClass.swift"; sourceTree = "<group>"; };
		5EE27FBC1EA5A90B00798351 /* Mon+CoreDataClass.swift */ = {isa = PBXFileReference; fileEncoding = 4; lastKnownFileType = sourcecode.swift; path = "Mon+CoreDataClass.swift"; sourceTree = "<group>"; };
		5EE27FBD1EA5A90B00798351 /* Mon+CoreDataProperties.swift */ = {isa = PBXFileReference; fileEncoding = 4; lastKnownFileType = sourcecode.swift; path = "Mon+CoreDataProperties.swift"; sourceTree = "<group>"; };
		5EE27FBE1EA5A90B00798351 /* LoaiMon+CoreDataClass.swift */ = {isa = PBXFileReference; fileEncoding = 4; lastKnownFileType = sourcecode.swift; path = "LoaiMon+CoreDataClass.swift"; sourceTree = "<group>"; };
		5EE27FBF1EA5A90B00798351 /* LoaiMon+CoreDataProperties.swift */ = {isa = PBXFileReference; fileEncoding = 4; lastKnownFileType = sourcecode.swift; path = "LoaiMon+CoreDataProperties.swift"; sourceTree = "<group>"; };
		5EE27FC01EA5A90B00798351 /* HoaDon+CoreDataClass.swift */ = {isa = PBXFileReference; fileEncoding = 4; lastKnownFileType = sourcecode.swift; path = "HoaDon+CoreDataClass.swift"; sourceTree = "<group>"; };
		5EE27FC11EA5A90B00798351 /* HoaDon+CoreDataProperties.swift */ = {isa = PBXFileReference; fileEncoding = 4; lastKnownFileType = sourcecode.swift; path = "HoaDon+CoreDataProperties.swift"; sourceTree = "<group>"; };
		5EE27FC21EA5A90B00798351 /* ThongKe_SoLuong+CoreDataClass.swift */ = {isa = PBXFileReference; fileEncoding = 4; lastKnownFileType = sourcecode.swift; path = "ThongKe_SoLuong+CoreDataClass.swift"; sourceTree = "<group>"; };
		5EE27FC31EA5A90B00798351 /* ThongKe_SoLuong+CoreDataProperties.swift */ = {isa = PBXFileReference; fileEncoding = 4; lastKnownFileType = sourcecode.swift; path = "ThongKe_SoLuong+CoreDataProperties.swift"; sourceTree = "<group>"; };
		5EE27FC41EA5A90B00798351 /* HinhAnh+CoreDataClass.swift */ = {isa = PBXFileReference; fileEncoding = 4; lastKnownFileType = sourcecode.swift; path = "HinhAnh+CoreDataClass.swift"; sourceTree = "<group>"; };
		5EE27FC51EA5A90B00798351 /* HinhAnh+CoreDataProperties.swift */ = {isa = PBXFileReference; fileEncoding = 4; lastKnownFileType = sourcecode.swift; path = "HinhAnh+CoreDataProperties.swift"; sourceTree = "<group>"; };
/* End PBXFileReference section */

/* Begin PBXFrameworksBuildPhase section */
		5EE27F951EA5A2C700798351 /* Frameworks */ = {
			isa = PBXFrameworksBuildPhase;
			buildActionMask = 2147483647;
			files = (
			);
			runOnlyForDeploymentPostprocessing = 0;
		};
/* End PBXFrameworksBuildPhase section */

/* Begin PBXGroup section */
		5EE27F8F1EA5A2C700798351 = {
			isa = PBXGroup;
			children = (
				5EE27F9A1EA5A2C700798351 /* rest_management */,
				5EE27F991EA5A2C700798351 /* Products */,
			);
			sourceTree = "<group>";
		};
		5EE27F991EA5A2C700798351 /* Products */ = {
			isa = PBXGroup;
			children = (
				5EE27F981EA5A2C700798351 /* rest_management.app */,
			);
			name = Products;
			sourceTree = "<group>";
		};
		5EE27F9A1EA5A2C700798351 /* rest_management */ = {
			isa = PBXGroup;
			children = (
				5EE27FB01EA5A35200798351 /* Controller */,
				5EE27FB11EA5A35700798351 /* Helper */,
				5EE27FB21EA5A36000798351 /* Model */,
				5EE27FB31EA5A36700798351 /* Resources */,
				5EE27FB51EA5A3A300798351 /* View */,
				5EE27FA51EA5A2C700798351 /* Assets.xcassets */,
				5EE27F9B1EA5A2C700798351 /* AppDelegate.swift */,
				5EE27FAA1EA5A2C700798351 /* Info.plist */,
			);
			path = rest_management;
			sourceTree = "<group>";
		};
		5EE27FB01EA5A35200798351 /* Controller */ = {
			isa = PBXGroup;
			children = (
				5EE27F9D1EA5A2C700798351 /* ViewController.swift */,
			);
			name = Controller;
			sourceTree = "<group>";
		};
		5EE27FB11EA5A35700798351 /* Helper */ = {
			isa = PBXGroup;
			children = (
			);
			name = Helper;
			sourceTree = "<group>";
		};
		5EE27FB21EA5A36000798351 /* Model */ = {
			isa = PBXGroup;
			children = (
				5E7D895E1EA64283009A8A71 /* KhuVuc+CoreDataProperties.swift */,
				5E7D895A1EA64227009A8A71 /* BanAn+CoreDataClass.swift */,
				5E7D895B1EA64227009A8A71 /* BanAn+CoreDataProperties.swift */,
				5EE27FBA1EA5A90B00798351 /* KhuVuc+CoreDataClass.swift */,
				5EE27FBC1EA5A90B00798351 /* Mon+CoreDataClass.swift */,
				5EE27FBD1EA5A90B00798351 /* Mon+CoreDataProperties.swift */,
				5EE27FBE1EA5A90B00798351 /* LoaiMon+CoreDataClass.swift */,
				5EE27FBF1EA5A90B00798351 /* LoaiMon+CoreDataProperties.swift */,
				5EE27FC01EA5A90B00798351 /* HoaDon+CoreDataClass.swift */,
				5EE27FC11EA5A90B00798351 /* HoaDon+CoreDataProperties.swift */,
				5EE27FC21EA5A90B00798351 /* ThongKe_SoLuong+CoreDataClass.swift */,
				5EE27FC31EA5A90B00798351 /* ThongKe_SoLuong+CoreDataProperties.swift */,
				5EE27FC41EA5A90B00798351 /* HinhAnh+CoreDataClass.swift */,
				5EE27FC51EA5A90B00798351 /* HinhAnh+CoreDataProperties.swift */,
				5EE27FB61EA5A47800798351 /* DB.swift */,
				5EE27FA21EA5A2C700798351 /* rest_management.xcdatamodeld */,
			);
			name = Model;
			sourceTree = "<group>";
		};
		5EE27FB31EA5A36700798351 /* Resources */ = {
			isa = PBXGroup;
			children = (
			);
			name = Resources;
			sourceTree = "<group>";
		};
		5EE27FB51EA5A3A300798351 /* View */ = {
			isa = PBXGroup;
			children = (
				5EE27F9F1EA5A2C700798351 /* Main.storyboard */,
				5EE27FA71EA5A2C700798351 /* LaunchScreen.storyboard */,
			);
			name = View;
			sourceTree = "<group>";
		};
/* End PBXGroup section */

/* Begin PBXNativeTarget section */
		5EE27F971EA5A2C700798351 /* rest_management */ = {
			isa = PBXNativeTarget;
			buildConfigurationList = 5EE27FAD1EA5A2C700798351 /* Build configuration list for PBXNativeTarget "rest_management" */;
			buildPhases = (
				5EE27F941EA5A2C700798351 /* Sources */,
				5EE27F951EA5A2C700798351 /* Frameworks */,
				5EE27F961EA5A2C700798351 /* Resources */,
			);
			buildRules = (
			);
			dependencies = (
			);
			name = rest_management;
			productName = rest_management;
			productReference = 5EE27F981EA5A2C700798351 /* rest_management.app */;
			productType = "com.apple.product-type.application";
		};
/* End PBXNativeTarget section */

/* Begin PBXProject section */
		5EE27F901EA5A2C700798351 /* Project object */ = {
			isa = PBXProject;
			attributes = {
				LastSwiftUpdateCheck = 0820;
				LastUpgradeCheck = 0820;
				ORGANIZATIONNAME = lactroi;
				TargetAttributes = {
					5EE27F971EA5A2C700798351 = {
						CreatedOnToolsVersion = 8.2.1;
						ProvisioningStyle = Automatic;
					};
				};
			};
			buildConfigurationList = 5EE27F931EA5A2C700798351 /* Build configuration list for PBXProject "rest_management" */;
			compatibilityVersion = "Xcode 3.2";
			developmentRegion = English;
			hasScannedForEncodings = 0;
			knownRegions = (
				en,
				Base,
			);
			mainGroup = 5EE27F8F1EA5A2C700798351;
			productRefGroup = 5EE27F991EA5A2C700798351 /* Products */;
			projectDirPath = "";
			projectRoot = "";
			targets = (
				5EE27F971EA5A2C700798351 /* rest_management */,
			);
		};
/* End PBXProject section */

/* Begin PBXResourcesBuildPhase section */
		5EE27F961EA5A2C700798351 /* Resources */ = {
			isa = PBXResourcesBuildPhase;
			buildActionMask = 2147483647;
			files = (
				5EE27FA91EA5A2C700798351 /* LaunchScreen.storyboard in Resources */,
				5EE27FA61EA5A2C700798351 /* Assets.xcassets in Resources */,
				5EE27FA11EA5A2C700798351 /* Main.storyboard in Resources */,
			);
			runOnlyForDeploymentPostprocessing = 0;
		};
/* End PBXResourcesBuildPhase section */

/* Begin PBXSourcesBuildPhase section */
		5EE27F941EA5A2C700798351 /* Sources */ = {
			isa = PBXSourcesBuildPhase;
			buildActionMask = 2147483647;
			files = (
				5EE27F9E1EA5A2C700798351 /* ViewController.swift in Sources */,
				5EE27FB71EA5A47800798351 /* DB.swift in Sources */,
				5EE27FD11EA5A90B00798351 /* ThongKe_SoLuong+CoreDataProperties.swift in Sources */,
				5EE27FC81EA5A90B00798351 /* KhuVuc+CoreDataClass.swift in Sources */,
				5EE27FCC1EA5A90B00798351 /* LoaiMon+CoreDataClass.swift in Sources */,
				5EE27FCD1EA5A90B00798351 /* LoaiMon+CoreDataProperties.swift in Sources */,
				5E7D895D1EA64227009A8A71 /* BanAn+CoreDataProperties.swift in Sources */,
				5EE27FCE1EA5A90B00798351 /* HoaDon+CoreDataClass.swift in Sources */,
				5EE27FA41EA5A2C700798351 /* rest_management.xcdatamodeld in Sources */,
				5E7D895F1EA64283009A8A71 /* KhuVuc+CoreDataProperties.swift in Sources */,
				5EE27F9C1EA5A2C700798351 /* AppDelegate.swift in Sources */,
				5EE27FCF1EA5A90B00798351 /* HoaDon+CoreDataProperties.swift in Sources */,
				5EE27FD21EA5A90B00798351 /* HinhAnh+CoreDataClass.swift in Sources */,
				5EE27FD31EA5A90B00798351 /* HinhAnh+CoreDataProperties.swift in Sources */,
				5EE27FCB1EA5A90B00798351 /* Mon+CoreDataProperties.swift in Sources */,
				5EE27FCA1EA5A90B00798351 /* Mon+CoreDataClass.swift in Sources */,
				5E7D895C1EA64227009A8A71 /* BanAn+CoreDataClass.swift in Sources */,
				5EE27FD01EA5A90B00798351 /* ThongKe_SoLuong+CoreDataClass.swift in Sources */,
			);
			runOnlyForDeploymentPostprocessing = 0;
		};
/* End PBXSourcesBuildPhase section */

/* Begin PBXVariantGroup section */
		5EE27F9F1EA5A2C700798351 /* Main.storyboard */ = {
			isa = PBXVariantGroup;
			children = (
				5EE27FA01EA5A2C700798351 /* Base */,
			);
			name = Main.storyboard;
			sourceTree = "<group>";
		};
		5EE27FA71EA5A2C700798351 /* LaunchScreen.storyboard */ = {
			isa = PBXVariantGroup;
			children = (
				5EE27FA81EA5A2C700798351 /* Base */,
			);
			name = LaunchScreen.storyboard;
			sourceTree = "<group>";
		};
/* End PBXVariantGroup section */

/* Begin XCBuildConfiguration section */
		5EE27FAB1EA5A2C700798351 /* Debug */ = {
			isa = XCBuildConfiguration;
			buildSettings = {
				ALWAYS_SEARCH_USER_PATHS = NO;
				CLANG_ANALYZER_NONNULL = YES;
				CLANG_CXX_LANGUAGE_STANDARD = "gnu++0x";
				CLANG_CXX_LIBRARY = "libc++";
				CLANG_ENABLE_MODULES = YES;
				CLANG_ENABLE_OBJC_ARC = YES;
				CLANG_WARN_BOOL_CONVERSION = YES;
				CLANG_WARN_CONSTANT_CONVERSION = YES;
				CLANG_WARN_DIRECT_OBJC_ISA_USAGE = YES_ERROR;
				CLANG_WARN_DOCUMENTATION_COMMENTS = YES;
				CLANG_WARN_EMPTY_BODY = YES;
				CLANG_WARN_ENUM_CONVERSION = YES;
				CLANG_WARN_INFINITE_RECURSION = YES;
				CLANG_WARN_INT_CONVERSION = YES;
				CLANG_WARN_OBJC_ROOT_CLASS = YES_ERROR;
				CLANG_WARN_SUSPICIOUS_MOVE = YES;
				CLANG_WARN_UNREACHABLE_CODE = YES;
				CLANG_WARN__DUPLICATE_METHOD_MATCH = YES;
				"CODE_SIGN_IDENTITY[sdk=iphoneos*]" = "iPhone Developer";
				COPY_PHASE_STRIP = NO;
				DEBUG_INFORMATION_FORMAT = dwarf;
				ENABLE_STRICT_OBJC_MSGSEND = YES;
				ENABLE_TESTABILITY = YES;
				GCC_C_LANGUAGE_STANDARD = gnu99;
				GCC_DYNAMIC_NO_PIC = NO;
				GCC_NO_COMMON_BLOCKS = YES;
				GCC_OPTIMIZATION_LEVEL = 0;
				GCC_PREPROCESSOR_DEFINITIONS = (
					"DEBUG=1",
					"$(inherited)",
				);
				GCC_WARN_64_TO_32_BIT_CONVERSION = YES;
				GCC_WARN_ABOUT_RETURN_TYPE = YES_ERROR;
				GCC_WARN_UNDECLARED_SELECTOR = YES;
				GCC_WARN_UNINITIALIZED_AUTOS = YES_AGGRESSIVE;
				GCC_WARN_UNUSED_FUNCTION = YES;
				GCC_WARN_UNUSED_VARIABLE = YES;
				IPHONEOS_DEPLOYMENT_TARGET = 10.2;
				MTL_ENABLE_DEBUG_INFO = YES;
				ONLY_ACTIVE_ARCH = YES;
				SDKROOT = iphoneos;
				SWIFT_ACTIVE_COMPILATION_CONDITIONS = DEBUG;
				SWIFT_OPTIMIZATION_LEVEL = "-Onone";
			};
			name = Debug;
		};
		5EE27FAC1EA5A2C700798351 /* Release */ = {
			isa = XCBuildConfiguration;
			buildSettings = {
				ALWAYS_SEARCH_USER_PATHS = NO;
				CLANG_ANALYZER_NONNULL = YES;
				CLANG_CXX_LANGUAGE_STANDARD = "gnu++0x";
				CLANG_CXX_LIBRARY = "libc++";
				CLANG_ENABLE_MODULES = YES;
				CLANG_ENABLE_OBJC_ARC = YES;
				CLANG_WARN_BOOL_CONVERSION = YES;
				CLANG_WARN_CONSTANT_CONVERSION = YES;
				CLANG_WARN_DIRECT_OBJC_ISA_USAGE = YES_ERROR;
				CLANG_WARN_DOCUMENTATION_COMMENTS = YES;
				CLANG_WARN_EMPTY_BODY = YES;
				CLANG_WARN_ENUM_CONVERSION = YES;
				CLANG_WARN_INFINITE_RECURSION = YES;
				CLANG_WARN_INT_CONVERSION = YES;
				CLANG_WARN_OBJC_ROOT_CLASS = YES_ERROR;
				CLANG_WARN_SUSPICIOUS_MOVE = YES;
				CLANG_WARN_UNREACHABLE_CODE = YES;
				CLANG_WARN__DUPLICATE_METHOD_MATCH = YES;
				"CODE_SIGN_IDENTITY[sdk=iphoneos*]" = "iPhone Developer";
				COPY_PHASE_STRIP = NO;
				DEBUG_INFORMATION_FORMAT = "dwarf-with-dsym";
				ENABLE_NS_ASSERTIONS = NO;
				ENABLE_STRICT_OBJC_MSGSEND = YES;
				GCC_C_LANGUAGE_STANDARD = gnu99;
				GCC_NO_COMMON_BLOCKS = YES;
				GCC_WARN_64_TO_32_BIT_CONVERSION = YES;
				GCC_WARN_ABOUT_RETURN_TYPE = YES_ERROR;
				GCC_WARN_UNDECLARED_SELECTOR = YES;
				GCC_WARN_UNINITIALIZED_AUTOS = YES_AGGRESSIVE;
				GCC_WARN_UNUSED_FUNCTION = YES;
				GCC_WARN_UNUSED_VARIABLE = YES;
				IPHONEOS_DEPLOYMENT_TARGET = 10.2;
				MTL_ENABLE_DEBUG_INFO = NO;
				SDKROOT = iphoneos;
				SWIFT_OPTIMIZATION_LEVEL = "-Owholemodule";
				VALIDATE_PRODUCT = YES;
			};
			name = Release;
		};
		5EE27FAE1EA5A2C700798351 /* Debug */ = {
			isa = XCBuildConfiguration;
			buildSettings = {
				ASSETCATALOG_COMPILER_APPICON_NAME = AppIcon;
				INFOPLIST_FILE = rest_management/Info.plist;
				LD_RUNPATH_SEARCH_PATHS = "$(inherited) @executable_path/Frameworks";
				PRODUCT_BUNDLE_IDENTIFIER = "lactroi.rest-management";
				PRODUCT_NAME = "$(TARGET_NAME)";
				SWIFT_VERSION = 3.0;
			};
			name = Debug;
		};
		5EE27FAF1EA5A2C700798351 /* Release */ = {
			isa = XCBuildConfiguration;
			buildSettings = {
				ASSETCATALOG_COMPILER_APPICON_NAME = AppIcon;
				INFOPLIST_FILE = rest_management/Info.plist;
				LD_RUNPATH_SEARCH_PATHS = "$(inherited) @executable_path/Frameworks";
				PRODUCT_BUNDLE_IDENTIFIER = "lactroi.rest-management";
				PRODUCT_NAME = "$(TARGET_NAME)";
				SWIFT_VERSION = 3.0;
			};
			name = Release;
		};
/* End XCBuildConfiguration section */

/* Begin XCConfigurationList section */
		5EE27F931EA5A2C700798351 /* Build configuration list for PBXProject "rest_management" */ = {
			isa = XCConfigurationList;
			buildConfigurations = (
				5EE27FAB1EA5A2C700798351 /* Debug */,
				5EE27FAC1EA5A2C700798351 /* Release */,
			);
			defaultConfigurationIsVisible = 0;
			defaultConfigurationName = Release;
		};
		5EE27FAD1EA5A2C700798351 /* Build configuration list for PBXNativeTarget "rest_management" */ = {
			isa = XCConfigurationList;
			buildConfigurations = (
				5EE27FAE1EA5A2C700798351 /* Debug */,
				5EE27FAF1EA5A2C700798351 /* Release */,
			);
			defaultConfigurationIsVisible = 0;
			defaultConfigurationName = Release;
		};
/* End XCConfigurationList section */

/* Begin XCVersionGroup section */
		5EE27FA21EA5A2C700798351 /* rest_management.xcdatamodeld */ = {
			isa = XCVersionGroup;
			children = (
				5EE27FA31EA5A2C700798351 /* rest_management.xcdatamodel */,
			);
			currentVersion = 5EE27FA31EA5A2C700798351 /* rest_management.xcdatamodel */;
			path = rest_management.xcdatamodeld;
			sourceTree = "<group>";
			versionGroupType = wrapper.xcdatamodel;
		};
/* End XCVersionGroup section */
	};
	rootObject = 5EE27F901EA5A2C700798351 /* Project object */;
}
